
Microsoft Visual Studio Solution File, Format Version 12.00
# Visual Studio Version 17
VisualStudioVersion = 17.7.34024.191
MinimumVisualStudioVersion = 10.0.40219.1
Project("{54A90642-561A-4BB1-A94E-469ADEE60C69}") = "LabEx3NodeConsoleApp", "LabEx3NodeConsoleApp\LabEx3NodeConsoleApp.esproj", "{1874D537-6D15-4AC5-A7A9-11346804E988}"
EndProject
Global
	GlobalSection(SolutionConfigurationPlatforms) = preSolution
		Debug|Any CPU = Debug|Any CPU
		Release|Any CPU = Release|Any CPU
	EndGlobalSection
	GlobalSection(ProjectConfigurationPlatforms) = postSolution
		{1874D537-6D15-4AC5-A7A9-11346804E988}.Debug|Any CPU.ActiveCfg = Debug|Any CPU
		{1874D537-6D15-4AC5-A7A9-11346804E988}.Debug|Any CPU.Build.0 = Debug|Any CPU
		{1874D537-6D15-4AC5-A7A9-11346804E988}.Debug|Any CPU.Deploy.0 = Debug|Any CPU
		{1874D537-6D15-4AC5-A7A9-11346804E988}.Release|Any CPU.ActiveCfg = Release|Any CPU
		{1874D537-6D15-4AC5-A7A9-11346804E988}.Release|Any CPU.Build.0 = Release|Any CPU
		{1874D537-6D15-4AC5-A7A9-11346804E988}.Release|Any CPU.Deploy.0 = Release|Any CPU
	EndGlobalSection
	GlobalSection(SolutionProperties) = preSolution
		HideSolutionNode = FALSE
	EndGlobalSection
	GlobalSection(ExtensibilityGlobals) = postSolution
		SolutionGuid = {A43B9834-3FC0-46E2-8AFC-CC7D09282BC7}
	EndGlobalSection
EndGlobal
